
Microsoft Visual Studio Solution File, Format Version 12.00
# Visual Studio Version 17
VisualStudioVersion = 17.7.34221.43
MinimumVisualStudioVersion = 10.0.40219.1
Project("{FAE04EC0-301F-11D3-BF4B-00C04F79EFBC}") = "homework3", "homework3\homework3.csproj", "{18F6ADEB-BB48-43B9-9C2C-255EC4E3F53C}"
EndProject
Global
	GlobalSection(SolutionConfigurationPlatforms) = preSolution
		Debug|Any CPU = Debug|Any CPU
		Release|Any CPU = Release|Any CPU
	EndGlobalSection
	GlobalSection(ProjectConfigurationPlatforms) = postSolution
		{18F6ADEB-BB48-43B9-9C2C-255EC4E3F53C}.Debug|Any CPU.ActiveCfg = Debug|Any CPU
		{18F6ADEB-BB48-43B9-9C2C-255EC4E3F53C}.Debug|Any CPU.Build.0 = Debug|Any CPU
		{18F6ADEB-BB48-43B9-9C2C-255EC4E3F53C}.Release|Any CPU.ActiveCfg = Release|Any CPU
		{18F6ADEB-BB48-43B9-9C2C-255EC4E3F53C}.Release|Any CPU.Build.0 = Release|Any CPU
	EndGlobalSection
	GlobalSection(SolutionProperties) = preSolution
		HideSolutionNode = FALSE
	EndGlobalSection
	GlobalSection(ExtensibilityGlobals) = postSolution
		SolutionGuid = {2813608A-1F8B-4424-BC7C-8AA9BA19EC83}
	EndGlobalSection
EndGlobal
